
Microsoft Visual Studio Solution File, Format Version 12.00
# Visual Studio 15
VisualStudioVersion = 15.0.27703.2026
MinimumVisualStudioVersion = 10.0.40219.1
Project("{FAE04EC0-301F-11D3-BF4B-00C04F79EFBC}") = "RoboDave", "RoboDave\RoboDave.csproj", "{D640F23A-1B43-4887-B0C6-3AF8EDD11331}"
EndProject
Global
	GlobalSection(SolutionConfigurationPlatforms) = preSolution
		Debug|Any CPU = Debug|Any CPU
		Release|Any CPU = Release|Any CPU
	EndGlobalSection
	GlobalSection(ProjectConfigurationPlatforms) = postSolution
		{D640F23A-1B43-4887-B0C6-3AF8EDD11331}.Debug|Any CPU.ActiveCfg = Debug|Any CPU
		{D640F23A-1B43-4887-B0C6-3AF8EDD11331}.Debug|Any CPU.Build.0 = Debug|Any CPU
		{D640F23A-1B43-4887-B0C6-3AF8EDD11331}.Release|Any CPU.ActiveCfg = Release|Any CPU
		{D640F23A-1B43-4887-B0C6-3AF8EDD11331}.Release|Any CPU.Build.0 = Release|Any CPU
	EndGlobalSection
	GlobalSection(SolutionProperties) = preSolution
		HideSolutionNode = FALSE
	EndGlobalSection
	GlobalSection(ExtensibilityGlobals) = postSolution
		SolutionGuid = {2ABC5ED8-99CD-4EA2-A6FA-C6379CAB1923}
	EndGlobalSection
EndGlobal
